
Microsoft Visual Studio Solution File, Format Version 12.00
# Visual Studio 15
VisualStudioVersion = 15.0.28307.1401
MinimumVisualStudioVersion = 10.0.40219.1
Project("{FAE04EC0-301F-11D3-BF4B-00C04F79EFBC}") = "EmployeeWebApi", "EmployeeWebApi\EmployeeWebApi.csproj", "{BB1DED46-75AD-4394-ADDD-132660C2C5BF}"
EndProject
Project("{FAE04EC0-301F-11D3-BF4B-00C04F79EFBC}") = "EmployeeWebApiTests", "EmployeeWebApiTests\EmployeeWebApiTests.csproj", "{D3F77489-4E0A-4EE4-B668-A2A08EFE94D4}"
EndProject
Global
	GlobalSection(SolutionConfigurationPlatforms) = preSolution
		Debug|Any CPU = Debug|Any CPU
		Release|Any CPU = Release|Any CPU
	EndGlobalSection
	GlobalSection(ProjectConfigurationPlatforms) = postSolution
		{BB1DED46-75AD-4394-ADDD-132660C2C5BF}.Debug|Any CPU.ActiveCfg = Debug|Any CPU
		{BB1DED46-75AD-4394-ADDD-132660C2C5BF}.Debug|Any CPU.Build.0 = Debug|Any CPU
		{BB1DED46-75AD-4394-ADDD-132660C2C5BF}.Release|Any CPU.ActiveCfg = Release|Any CPU
		{BB1DED46-75AD-4394-ADDD-132660C2C5BF}.Release|Any CPU.Build.0 = Release|Any CPU
		{D3F77489-4E0A-4EE4-B668-A2A08EFE94D4}.Debug|Any CPU.ActiveCfg = Debug|Any CPU
		{D3F77489-4E0A-4EE4-B668-A2A08EFE94D4}.Debug|Any CPU.Build.0 = Debug|Any CPU
		{D3F77489-4E0A-4EE4-B668-A2A08EFE94D4}.Release|Any CPU.ActiveCfg = Release|Any CPU
		{D3F77489-4E0A-4EE4-B668-A2A08EFE94D4}.Release|Any CPU.Build.0 = Release|Any CPU
	EndGlobalSection
	GlobalSection(SolutionProperties) = preSolution
		HideSolutionNode = FALSE
	EndGlobalSection
	GlobalSection(ExtensibilityGlobals) = postSolution
		SolutionGuid = {D928855E-2641-49E5-B214-79B9DF52C0FE}
	EndGlobalSection
EndGlobal
